// !$*UTF8*$!
{
	archiveVersion = 1;
	classes = {
	};
	objectVersion = 50;
	objects = {

/* Begin PBXBuildFile section */
		E200EE422611C25D00BEE04C /* AppDelegate.swift in Sources */ = {isa = PBXBuildFile; fileRef = E200EE412611C25D00BEE04C /* AppDelegate.swift */; };
		E200EE442611C25D00BEE04C /* SceneDelegate.swift in Sources */ = {isa = PBXBuildFile; fileRef = E200EE432611C25D00BEE04C /* SceneDelegate.swift */; };
		E200EE462611C25D00BEE04C /* HomeViewController.swift in Sources */ = {isa = PBXBuildFile; fileRef = E200EE452611C25D00BEE04C /* HomeViewController.swift */; };
		E200EE4B2611C25E00BEE04C /* Assets.xcassets in Resources */ = {isa = PBXBuildFile; fileRef = E200EE4A2611C25E00BEE04C /* Assets.xcassets */; };
		E200EE4E2611C25E00BEE04C /* LaunchScreen.storyboard in Resources */ = {isa = PBXBuildFile; fileRef = E200EE4C2611C25E00BEE04C /* LaunchScreen.storyboard */; };
		E200EE642611CA9D00BEE04C /* TabBarViewController.swift in Sources */ = {isa = PBXBuildFile; fileRef = E200EE632611CA9D00BEE04C /* TabBarViewController.swift */; };
		E200EE682611CACD00BEE04C /* SearchViewController.swift in Sources */ = {isa = PBXBuildFile; fileRef = E200EE672611CACD00BEE04C /* SearchViewController.swift */; };
		E200EE6B2611CAE200BEE04C /* LibraryViewController.swift in Sources */ = {isa = PBXBuildFile; fileRef = E200EE6A2611CAE200BEE04C /* LibraryViewController.swift */; };
		E200EE702611CB1700BEE04C /* AuthViewController.swift in Sources */ = {isa = PBXBuildFile; fileRef = E200EE6F2611CB1700BEE04C /* AuthViewController.swift */; };
		E200EE732611CB2600BEE04C /* WelcomeViewController.swift in Sources */ = {isa = PBXBuildFile; fileRef = E200EE722611CB2600BEE04C /* WelcomeViewController.swift */; };
		E200EE762611CB3200BEE04C /* SettingsViewController.swift in Sources */ = {isa = PBXBuildFile; fileRef = E200EE752611CB3200BEE04C /* SettingsViewController.swift */; };
		E200EE792611CB4600BEE04C /* ProfileViewController.swift in Sources */ = {isa = PBXBuildFile; fileRef = E200EE782611CB4600BEE04C /* ProfileViewController.swift */; };
		E200EE7C2611CB5200BEE04C /* PlayerViewController.swift in Sources */ = {isa = PBXBuildFile; fileRef = E200EE7B2611CB5200BEE04C /* PlayerViewController.swift */; };
		E200EE7F2611CB6200BEE04C /* PlaylistViewController.swift in Sources */ = {isa = PBXBuildFile; fileRef = E200EE7E2611CB6200BEE04C /* PlaylistViewController.swift */; };
		E200EE822611CB6F00BEE04C /* SearchResultViewController.swift in Sources */ = {isa = PBXBuildFile; fileRef = E200EE812611CB6F00BEE04C /* SearchResultViewController.swift */; };
		E200EE852611CB9E00BEE04C /* AuthManager.swift in Sources */ = {isa = PBXBuildFile; fileRef = E200EE842611CB9E00BEE04C /* AuthManager.swift */; };
		E200EE882611CBB300BEE04C /* APICaller.swift in Sources */ = {isa = PBXBuildFile; fileRef = E200EE872611CBB300BEE04C /* APICaller.swift */; };
		E200EE8B2611CBC800BEE04C /* HapticsManager.swift in Sources */ = {isa = PBXBuildFile; fileRef = E200EE8A2611CBC800BEE04C /* HapticsManager.swift */; };
		E200EE8E2611CBE100BEE04C /* Playlist.swift in Sources */ = {isa = PBXBuildFile; fileRef = E200EE8D2611CBE100BEE04C /* Playlist.swift */; };
		E200EE912611CBED00BEE04C /* AudioTrack.swift in Sources */ = {isa = PBXBuildFile; fileRef = E200EE902611CBED00BEE04C /* AudioTrack.swift */; };
		E200EE942611CBF900BEE04C /* Artist.swift in Sources */ = {isa = PBXBuildFile; fileRef = E200EE932611CBF900BEE04C /* Artist.swift */; };
		E200EE972611CC0600BEE04C /* UserProfile.swift in Sources */ = {isa = PBXBuildFile; fileRef = E200EE962611CC0600BEE04C /* UserProfile.swift */; };
/* End PBXBuildFile section */

/* Begin PBXFileReference section */
		E200EE3E2611C25D00BEE04C /* Spotify.app */ = {isa = PBXFileReference; explicitFileType = wrapper.application; includeInIndex = 0; path = Spotify.app; sourceTree = BUILT_PRODUCTS_DIR; };
		E200EE412611C25D00BEE04C /* AppDelegate.swift */ = {isa = PBXFileReference; lastKnownFileType = sourcecode.swift; path = AppDelegate.swift; sourceTree = "<group>"; };
		E200EE432611C25D00BEE04C /* SceneDelegate.swift */ = {isa = PBXFileReference; lastKnownFileType = sourcecode.swift; path = SceneDelegate.swift; sourceTree = "<group>"; };
		E200EE452611C25D00BEE04C /* HomeViewController.swift */ = {isa = PBXFileReference; lastKnownFileType = sourcecode.swift; path = HomeViewController.swift; sourceTree = "<group>"; };
		E200EE4A2611C25E00BEE04C /* Assets.xcassets */ = {isa = PBXFileReference; lastKnownFileType = folder.assetcatalog; path = Assets.xcassets; sourceTree = "<group>"; };
		E200EE4D2611C25E00BEE04C /* Base */ = {isa = PBXFileReference; lastKnownFileType = file.storyboard; name = Base; path = Base.lproj/LaunchScreen.storyboard; sourceTree = "<group>"; };
		E200EE4F2611C25E00BEE04C /* Info.plist */ = {isa = PBXFileReference; lastKnownFileType = text.plist.xml; path = Info.plist; sourceTree = "<group>"; };
		E200EE632611CA9D00BEE04C /* TabBarViewController.swift */ = {isa = PBXFileReference; lastKnownFileType = sourcecode.swift; path = TabBarViewController.swift; sourceTree = "<group>"; };
		E200EE672611CACD00BEE04C /* SearchViewController.swift */ = {isa = PBXFileReference; lastKnownFileType = sourcecode.swift; path = SearchViewController.swift; sourceTree = "<group>"; };
		E200EE6A2611CAE200BEE04C /* LibraryViewController.swift */ = {isa = PBXFileReference; lastKnownFileType = sourcecode.swift; path = LibraryViewController.swift; sourceTree = "<group>"; };
		E200EE6F2611CB1700BEE04C /* AuthViewController.swift */ = {isa = PBXFileReference; lastKnownFileType = sourcecode.swift; path = AuthViewController.swift; sourceTree = "<group>"; };
		E200EE722611CB2600BEE04C /* WelcomeViewController.swift */ = {isa = PBXFileReference; lastKnownFileType = sourcecode.swift; path = WelcomeViewController.swift; sourceTree = "<group>"; };
		E200EE752611CB3200BEE04C /* SettingsViewController.swift */ = {isa = PBXFileReference; lastKnownFileType = sourcecode.swift; path = SettingsViewController.swift; sourceTree = "<group>"; };
		E200EE782611CB4600BEE04C /* ProfileViewController.swift */ = {isa = PBXFileReference; lastKnownFileType = sourcecode.swift; path = ProfileViewController.swift; sourceTree = "<group>"; };
		E200EE7B2611CB5200BEE04C /* PlayerViewController.swift */ = {isa = PBXFileReference; lastKnownFileType = sourcecode.swift; path = PlayerViewController.swift; sourceTree = "<group>"; };
		E200EE7E2611CB6200BEE04C /* PlaylistViewController.swift */ = {isa = PBXFileReference; lastKnownFileType = sourcecode.swift; path = PlaylistViewController.swift; sourceTree = "<group>"; };
		E200EE812611CB6F00BEE04C /* SearchResultViewController.swift */ = {isa = PBXFileReference; lastKnownFileType = sourcecode.swift; path = SearchResultViewController.swift; sourceTree = "<group>"; };
		E200EE842611CB9E00BEE04C /* AuthManager.swift */ = {isa = PBXFileReference; lastKnownFileType = sourcecode.swift; path = AuthManager.swift; sourceTree = "<group>"; };
		E200EE872611CBB300BEE04C /* APICaller.swift */ = {isa = PBXFileReference; lastKnownFileType = sourcecode.swift; path = APICaller.swift; sourceTree = "<group>"; };
		E200EE8A2611CBC800BEE04C /* HapticsManager.swift */ = {isa = PBXFileReference; lastKnownFileType = sourcecode.swift; path = HapticsManager.swift; sourceTree = "<group>"; };
		E200EE8D2611CBE100BEE04C /* Playlist.swift */ = {isa = PBXFileReference; lastKnownFileType = sourcecode.swift; path = Playlist.swift; sourceTree = "<group>"; };
		E200EE902611CBED00BEE04C /* AudioTrack.swift */ = {isa = PBXFileReference; lastKnownFileType = sourcecode.swift; path = AudioTrack.swift; sourceTree = "<group>"; };
		E200EE932611CBF900BEE04C /* Artist.swift */ = {isa = PBXFileReference; lastKnownFileType = sourcecode.swift; path = Artist.swift; sourceTree = "<group>"; };
		E200EE962611CC0600BEE04C /* UserProfile.swift */ = {isa = PBXFileReference; lastKnownFileType = sourcecode.swift; path = UserProfile.swift; sourceTree = "<group>"; };
/* End PBXFileReference section */

/* Begin PBXFrameworksBuildPhase section */
		E200EE3B2611C25D00BEE04C /* Frameworks */ = {
			isa = PBXFrameworksBuildPhase;
			buildActionMask = 2147483647;
			files = (
			);
			runOnlyForDeploymentPostprocessing = 0;
		};
/* End PBXFrameworksBuildPhase section */

/* Begin PBXGroup section */
		E200EE352611C25D00BEE04C = {
			isa = PBXGroup;
			children = (
				E200EE402611C25D00BEE04C /* Spotify */,
				E200EE3F2611C25D00BEE04C /* Products */,
			);
			sourceTree = "<group>";
		};
		E200EE3F2611C25D00BEE04C /* Products */ = {
			isa = PBXGroup;
			children = (
				E200EE3E2611C25D00BEE04C /* Spotify.app */,
			);
			name = Products;
			sourceTree = "<group>";
		};
		E200EE402611C25D00BEE04C /* Spotify */ = {
			isa = PBXGroup;
			children = (
				E200EE4F2611C25E00BEE04C /* Info.plist */,
				E200EE5B2611C38F00BEE04C /* Resources */,
				E200EE5A2611C38600BEE04C /* Managers */,
				E200EE582611C36F00BEE04C /* ViewModels */,
				E200EE5D2611C44900BEE04C /* Models */,
				E200EE592611C37C00BEE04C /* Views */,
				E200EE572611C36400BEE04C /* Controllers */,
			);
			path = Spotify;
			sourceTree = "<group>";
		};
		E200EE572611C36400BEE04C /* Controllers */ = {
			isa = PBXGroup;
			children = (
				E200EE6E2611CAF900BEE04C /* Other */,
				E200EE6D2611CAEB00BEE04C /* Core */,
			);
			path = Controllers;
			sourceTree = "<group>";
		};
		E200EE582611C36F00BEE04C /* ViewModels */ = {
			isa = PBXGroup;
			children = (
			);
			path = ViewModels;
			sourceTree = "<group>";
		};
		E200EE592611C37C00BEE04C /* Views */ = {
			isa = PBXGroup;
			children = (
				E200EE4C2611C25E00BEE04C /* LaunchScreen.storyboard */,
			);
			path = Views;
			sourceTree = "<group>";
		};
		E200EE5A2611C38600BEE04C /* Managers */ = {
			isa = PBXGroup;
			children = (
				E200EE842611CB9E00BEE04C /* AuthManager.swift */,
				E200EE872611CBB300BEE04C /* APICaller.swift */,
				E200EE8A2611CBC800BEE04C /* HapticsManager.swift */,
			);
			path = Managers;
			sourceTree = "<group>";
		};
		E200EE5B2611C38F00BEE04C /* Resources */ = {
			isa = PBXGroup;
			children = (
				E200EE4A2611C25E00BEE04C /* Assets.xcassets */,
				E200EE412611C25D00BEE04C /* AppDelegate.swift */,
				E200EE432611C25D00BEE04C /* SceneDelegate.swift */,
			);
			path = Resources;
			sourceTree = "<group>";
		};
		E200EE5D2611C44900BEE04C /* Models */ = {
			isa = PBXGroup;
			children = (
				E200EE8D2611CBE100BEE04C /* Playlist.swift */,
				E200EE902611CBED00BEE04C /* AudioTrack.swift */,
				E200EE932611CBF900BEE04C /* Artist.swift */,
				E200EE962611CC0600BEE04C /* UserProfile.swift */,
			);
			path = Models;
			sourceTree = "<group>";
		};
		E200EE6D2611CAEB00BEE04C /* Core */ = {
			isa = PBXGroup;
			children = (
				E200EE452611C25D00BEE04C /* HomeViewController.swift */,
				E200EE632611CA9D00BEE04C /* TabBarViewController.swift */,
				E200EE672611CACD00BEE04C /* SearchViewController.swift */,
				E200EE6A2611CAE200BEE04C /* LibraryViewController.swift */,
			);
			path = Core;
			sourceTree = "<group>";
		};
		E200EE6E2611CAF900BEE04C /* Other */ = {
			isa = PBXGroup;
			children = (
				E200EE6F2611CB1700BEE04C /* AuthViewController.swift */,
				E200EE722611CB2600BEE04C /* WelcomeViewController.swift */,
				E200EE752611CB3200BEE04C /* SettingsViewController.swift */,
				E200EE782611CB4600BEE04C /* ProfileViewController.swift */,
				E200EE7B2611CB5200BEE04C /* PlayerViewController.swift */,
				E200EE7E2611CB6200BEE04C /* PlaylistViewController.swift */,
				E200EE812611CB6F00BEE04C /* SearchResultViewController.swift */,
			);
			path = Other;
			sourceTree = "<group>";
		};
/* End PBXGroup section */

/* Begin PBXNativeTarget section */
		E200EE3D2611C25D00BEE04C /* Spotify */ = {
			isa = PBXNativeTarget;
			buildConfigurationList = E200EE522611C25E00BEE04C /* Build configuration list for PBXNativeTarget "Spotify" */;
			buildPhases = (
				E200EE3A2611C25D00BEE04C /* Sources */,
				E200EE3B2611C25D00BEE04C /* Frameworks */,
				E200EE3C2611C25D00BEE04C /* Resources */,
			);
			buildRules = (
			);
			dependencies = (
			);
			name = Spotify;
			productName = Spotify;
			productReference = E200EE3E2611C25D00BEE04C /* Spotify.app */;
			productType = "com.apple.product-type.application";
		};
/* End PBXNativeTarget section */

/* Begin PBXProject section */
		E200EE362611C25D00BEE04C /* Project object */ = {
			isa = PBXProject;
			attributes = {
				LastSwiftUpdateCheck = 1240;
				LastUpgradeCheck = 1240;
				TargetAttributes = {
					E200EE3D2611C25D00BEE04C = {
						CreatedOnToolsVersion = 12.4;
					};
				};
			};
			buildConfigurationList = E200EE392611C25D00BEE04C /* Build configuration list for PBXProject "Spotify" */;
			compatibilityVersion = "Xcode 9.3";
			developmentRegion = en;
			hasScannedForEncodings = 0;
			knownRegions = (
				en,
				Base,
			);
			mainGroup = E200EE352611C25D00BEE04C;
			productRefGroup = E200EE3F2611C25D00BEE04C /* Products */;
			projectDirPath = "";
			projectRoot = "";
			targets = (
				E200EE3D2611C25D00BEE04C /* Spotify */,
			);
		};
/* End PBXProject section */

/* Begin PBXResourcesBuildPhase section */
		E200EE3C2611C25D00BEE04C /* Resources */ = {
			isa = PBXResourcesBuildPhase;
			buildActionMask = 2147483647;
			files = (
				E200EE4E2611C25E00BEE04C /* LaunchScreen.storyboard in Resources */,
				E200EE4B2611C25E00BEE04C /* Assets.xcassets in Resources */,
			);
			runOnlyForDeploymentPostprocessing = 0;
		};
/* End PBXResourcesBuildPhase section */

/* Begin PBXSourcesBuildPhase section */
		E200EE3A2611C25D00BEE04C /* Sources */ = {
			isa = PBXSourcesBuildPhase;
			buildActionMask = 2147483647;
			files = (
				E200EE682611CACD00BEE04C /* SearchViewController.swift in Sources */,
				E200EE8E2611CBE100BEE04C /* Playlist.swift in Sources */,
				E200EE852611CB9E00BEE04C /* AuthManager.swift in Sources */,
				E200EE732611CB2600BEE04C /* WelcomeViewController.swift in Sources */,
				E200EE792611CB4600BEE04C /* ProfileViewController.swift in Sources */,
				E200EE642611CA9D00BEE04C /* TabBarViewController.swift in Sources */,
				E200EE462611C25D00BEE04C /* HomeViewController.swift in Sources */,
				E200EE8B2611CBC800BEE04C /* HapticsManager.swift in Sources */,
				E200EE912611CBED00BEE04C /* AudioTrack.swift in Sources */,
				E200EE702611CB1700BEE04C /* AuthViewController.swift in Sources */,
				E200EE422611C25D00BEE04C /* AppDelegate.swift in Sources */,
				E200EE6B2611CAE200BEE04C /* LibraryViewController.swift in Sources */,
				E200EE972611CC0600BEE04C /* UserProfile.swift in Sources */,
				E200EE7F2611CB6200BEE04C /* PlaylistViewController.swift in Sources */,
				E200EE942611CBF900BEE04C /* Artist.swift in Sources */,
				E200EE442611C25D00BEE04C /* SceneDelegate.swift in Sources */,
				E200EE7C2611CB5200BEE04C /* PlayerViewController.swift in Sources */,
				E200EE822611CB6F00BEE04C /* SearchResultViewController.swift in Sources */,
				E200EE882611CBB300BEE04C /* APICaller.swift in Sources */,
				E200EE762611CB3200BEE04C /* SettingsViewController.swift in Sources */,
			);
			runOnlyForDeploymentPostprocessing = 0;
		};
/* End PBXSourcesBuildPhase section */

/* Begin PBXVariantGroup section */
		E200EE4C2611C25E00BEE04C /* LaunchScreen.storyboard */ = {
			isa = PBXVariantGroup;
			children = (
				E200EE4D2611C25E00BEE04C /* Base */,
			);
			name = LaunchScreen.storyboard;
			sourceTree = "<group>";
		};
/* End PBXVariantGroup section */

/* Begin XCBuildConfiguration section */
		E200EE502611C25E00BEE04C /* Debug */ = {
			isa = XCBuildConfiguration;
			buildSettings = {
				ALWAYS_SEARCH_USER_PATHS = NO;
				CLANG_ANALYZER_NONNULL = YES;
				CLANG_ANALYZER_NUMBER_OBJECT_CONVERSION = YES_AGGRESSIVE;
				CLANG_CXX_LANGUAGE_STANDARD = "gnu++14";
				CLANG_CXX_LIBRARY = "libc++";
				CLANG_ENABLE_MODULES = YES;
				CLANG_ENABLE_OBJC_ARC = YES;
				CLANG_ENABLE_OBJC_WEAK = YES;
				CLANG_WARN_BLOCK_CAPTURE_AUTORELEASING = YES;
				CLANG_WARN_BOOL_CONVERSION = YES;
				CLANG_WARN_COMMA = YES;
				CLANG_WARN_CONSTANT_CONVERSION = YES;
				CLANG_WARN_DEPRECATED_OBJC_IMPLEMENTATIONS = YES;
				CLANG_WARN_DIRECT_OBJC_ISA_USAGE = YES_ERROR;
				CLANG_WARN_DOCUMENTATION_COMMENTS = YES;
				CLANG_WARN_EMPTY_BODY = YES;
				CLANG_WARN_ENUM_CONVERSION = YES;
				CLANG_WARN_INFINITE_RECURSION = YES;
				CLANG_WARN_INT_CONVERSION = YES;
				CLANG_WARN_NON_LITERAL_NULL_CONVERSION = YES;
				CLANG_WARN_OBJC_IMPLICIT_RETAIN_SELF = YES;
				CLANG_WARN_OBJC_LITERAL_CONVERSION = YES;
				CLANG_WARN_OBJC_ROOT_CLASS = YES_ERROR;
				CLANG_WARN_QUOTED_INCLUDE_IN_FRAMEWORK_HEADER = YES;
				CLANG_WARN_RANGE_LOOP_ANALYSIS = YES;
				CLANG_WARN_STRICT_PROTOTYPES = YES;
				CLANG_WARN_SUSPICIOUS_MOVE = YES;
				CLANG_WARN_UNGUARDED_AVAILABILITY = YES_AGGRESSIVE;
				CLANG_WARN_UNREACHABLE_CODE = YES;
				CLANG_WARN__DUPLICATE_METHOD_MATCH = YES;
				COPY_PHASE_STRIP = NO;
				DEBUG_INFORMATION_FORMAT = dwarf;
				ENABLE_STRICT_OBJC_MSGSEND = YES;
				ENABLE_TESTABILITY = YES;
				GCC_C_LANGUAGE_STANDARD = gnu11;
				GCC_DYNAMIC_NO_PIC = NO;
				GCC_NO_COMMON_BLOCKS = YES;
				GCC_OPTIMIZATION_LEVEL = 0;
				GCC_PREPROCESSOR_DEFINITIONS = (
					"DEBUG=1",
					"$(inherited)",
				);
				GCC_WARN_64_TO_32_BIT_CONVERSION = YES;
				GCC_WARN_ABOUT_RETURN_TYPE = YES_ERROR;
				GCC_WARN_UNDECLARED_SELECTOR = YES;
				GCC_WARN_UNINITIALIZED_AUTOS = YES_AGGRESSIVE;
				GCC_WARN_UNUSED_FUNCTION = YES;
				GCC_WARN_UNUSED_VARIABLE = YES;
				IPHONEOS_DEPLOYMENT_TARGET = 14.4;
				MTL_ENABLE_DEBUG_INFO = INCLUDE_SOURCE;
				MTL_FAST_MATH = YES;
				ONLY_ACTIVE_ARCH = YES;
				SDKROOT = iphoneos;
				SWIFT_ACTIVE_COMPILATION_CONDITIONS = DEBUG;
				SWIFT_OPTIMIZATION_LEVEL = "-Onone";
			};
			name = Debug;
		};
		E200EE512611C25E00BEE04C /* Release */ = {
			isa = XCBuildConfiguration;
			buildSettings = {
				ALWAYS_SEARCH_USER_PATHS = NO;
				CLANG_ANALYZER_NONNULL = YES;
				CLANG_ANALYZER_NUMBER_OBJECT_CONVERSION = YES_AGGRESSIVE;
				CLANG_CXX_LANGUAGE_STANDARD = "gnu++14";
				CLANG_CXX_LIBRARY = "libc++";
				CLANG_ENABLE_MODULES = YES;
				CLANG_ENABLE_OBJC_ARC = YES;
				CLANG_ENABLE_OBJC_WEAK = YES;
				CLANG_WARN_BLOCK_CAPTURE_AUTORELEASING = YES;
				CLANG_WARN_BOOL_CONVERSION = YES;
				CLANG_WARN_COMMA = YES;
				CLANG_WARN_CONSTANT_CONVERSION = YES;
				CLANG_WARN_DEPRECATED_OBJC_IMPLEMENTATIONS = YES;
				CLANG_WARN_DIRECT_OBJC_ISA_USAGE = YES_ERROR;
				CLANG_WARN_DOCUMENTATION_COMMENTS = YES;
				CLANG_WARN_EMPTY_BODY = YES;
				CLANG_WARN_ENUM_CONVERSION = YES;
				CLANG_WARN_INFINITE_RECURSION = YES;
				CLANG_WARN_INT_CONVERSION = YES;
				CLANG_WARN_NON_LITERAL_NULL_CONVERSION = YES;
				CLANG_WARN_OBJC_IMPLICIT_RETAIN_SELF = YES;
				CLANG_WARN_OBJC_LITERAL_CONVERSION = YES;
				CLANG_WARN_OBJC_ROOT_CLASS = YES_ERROR;
				CLANG_WARN_QUOTED_INCLUDE_IN_FRAMEWORK_HEADER = YES;
				CLANG_WARN_RANGE_LOOP_ANALYSIS = YES;
				CLANG_WARN_STRICT_PROTOTYPES = YES;
				CLANG_WARN_SUSPICIOUS_MOVE = YES;
				CLANG_WARN_UNGUARDED_AVAILABILITY = YES_AGGRESSIVE;
				CLANG_WARN_UNREACHABLE_CODE = YES;
				CLANG_WARN__DUPLICATE_METHOD_MATCH = YES;
				COPY_PHASE_STRIP = NO;
				DEBUG_INFORMATION_FORMAT = "dwarf-with-dsym";
				ENABLE_NS_ASSERTIONS = NO;
				ENABLE_STRICT_OBJC_MSGSEND = YES;
				GCC_C_LANGUAGE_STANDARD = gnu11;
				GCC_NO_COMMON_BLOCKS = YES;
				GCC_WARN_64_TO_32_BIT_CONVERSION = YES;
				GCC_WARN_ABOUT_RETURN_TYPE = YES_ERROR;
				GCC_WARN_UNDECLARED_SELECTOR = YES;
				GCC_WARN_UNINITIALIZED_AUTOS = YES_AGGRESSIVE;
				GCC_WARN_UNUSED_FUNCTION = YES;
				GCC_WARN_UNUSED_VARIABLE = YES;
				IPHONEOS_DEPLOYMENT_TARGET = 14.4;
				MTL_ENABLE_DEBUG_INFO = NO;
				MTL_FAST_MATH = YES;
				SDKROOT = iphoneos;
				SWIFT_COMPILATION_MODE = wholemodule;
				SWIFT_OPTIMIZATION_LEVEL = "-O";
				VALIDATE_PRODUCT = YES;
			};
			name = Release;
		};
		E200EE532611C25E00BEE04C /* Debug */ = {
			isa = XCBuildConfiguration;
			buildSettings = {
				ASSETCATALOG_COMPILER_APPICON_NAME = AppIcon;
				ASSETCATALOG_COMPILER_GLOBAL_ACCENT_COLOR_NAME = AccentColor;
				CODE_SIGN_STYLE = Automatic;
				DEVELOPMENT_TEAM = 22VH85C4J3;
				INFOPLIST_FILE = Spotify/Info.plist;
				LD_RUNPATH_SEARCH_PATHS = (
					"$(inherited)",
					"@executable_path/Frameworks",
				);
				PRODUCT_BUNDLE_IDENTIFIER = AppCrafter.Spotify;
				PRODUCT_NAME = "$(TARGET_NAME)";
				SWIFT_VERSION = 5.0;
				TARGETED_DEVICE_FAMILY = "1,2";
			};
			name = Debug;
		};
		E200EE542611C25E00BEE04C /* Release */ = {
			isa = XCBuildConfiguration;
			buildSettings = {
				ASSETCATALOG_COMPILER_APPICON_NAME = AppIcon;
				ASSETCATALOG_COMPILER_GLOBAL_ACCENT_COLOR_NAME = AccentColor;
				CODE_SIGN_STYLE = Automatic;
				DEVELOPMENT_TEAM = 22VH85C4J3;
				INFOPLIST_FILE = Spotify/Info.plist;
				LD_RUNPATH_SEARCH_PATHS = (
					"$(inherited)",
					"@executable_path/Frameworks",
				);
				PRODUCT_BUNDLE_IDENTIFIER = AppCrafter.Spotify;
				PRODUCT_NAME = "$(TARGET_NAME)";
				SWIFT_VERSION = 5.0;
				TARGETED_DEVICE_FAMILY = "1,2";
			};
			name = Release;
		};
/* End XCBuildConfiguration section */

/* Begin XCConfigurationList section */
		E200EE392611C25D00BEE04C /* Build configuration list for PBXProject "Spotify" */ = {
			isa = XCConfigurationList;
			buildConfigurations = (
				E200EE502611C25E00BEE04C /* Debug */,
				E200EE512611C25E00BEE04C /* Release */,
			);
			defaultConfigurationIsVisible = 0;
			defaultConfigurationName = Release;
		};
		E200EE522611C25E00BEE04C /* Build configuration list for PBXNativeTarget "Spotify" */ = {
			isa = XCConfigurationList;
			buildConfigurations = (
				E200EE532611C25E00BEE04C /* Debug */,
				E200EE542611C25E00BEE04C /* Release */,
			);
			defaultConfigurationIsVisible = 0;
			defaultConfigurationName = Release;
		};
/* End XCConfigurationList section */
	};
	rootObject = E200EE362611C25D00BEE04C /* Project object */;
}
